// !$*UTF8*$!
{
	archiveVersion = 1;
	classes = {
	};
	objectVersion = 45;
	objects = {

/* Begin PBXBuildFile section */
		1A08E31B1118012B001CAA3A /* cow-parts.obj.gso in Resources */ = {isa = PBXBuildFile; fileRef = 1A08E31A1118012B001CAA3A /* cow-parts.obj.gso */; };
		1A08E33511189D21001CAA3A /* cow-part3.obj.gso in Resources */ = {isa = PBXBuildFile; fileRef = 1A08E33211189D21001CAA3A /* cow-part3.obj.gso */; };
		1A08E33611189D21001CAA3A /* cow-part2.obj.gso in Resources */ = {isa = PBXBuildFile; fileRef = 1A08E33311189D21001CAA3A /* cow-part2.obj.gso */; };
		1A08E33711189D21001CAA3A /* cow-part1.obj.gso in Resources */ = {isa = PBXBuildFile; fileRef = 1A08E33411189D21001CAA3A /* cow-part1.obj.gso */; };
		1A1D5ACA109A349500ED980E /* OpenAL.framework in Frameworks */ = {isa = PBXBuildFile; fileRef = 1A1D5AC9109A349500ED980E /* OpenAL.framework */; };
		1A1D5ACE109A34A600ED980E /* AudioToolbox.framework in Frameworks */ = {isa = PBXBuildFile; fileRef = 1A1D5ACD109A34A600ED980E /* AudioToolbox.framework */; };
		1A2D1A0F111B4B350021CC3B /* person.obj.gso in Resources */ = {isa = PBXBuildFile; fileRef = 1A2D1A0E111B4B350021CC3B /* person.obj.gso */; };
		1A2D1A23111B58BA0021CC3B /* fail.png in Resources */ = {isa = PBXBuildFile; fileRef = 1A2D1A22111B58BA0021CC3B /* fail.png */; };
		1A2D1A2F111B6B9B0021CC3B /* success.png in Resources */ = {isa = PBXBuildFile; fileRef = 1A2D1A2E111B6B9B0021CC3B /* success.png */; };
		1A2D1A70111E73320021CC3B /* Batang.ttf in Resources */ = {isa = PBXBuildFile; fileRef = 1A2D1A6F111E73320021CC3B /* Batang.ttf */; };
		1A35A03A110535D70089D30B /* title.png in Resources */ = {isa = PBXBuildFile; fileRef = 1A35A039110535D70089D30B /* title.png */; };
		1A6C23EB11335DBE0077DF50 /* level-glare.png in Resources */ = {isa = PBXBuildFile; fileRef = 1A6C23EA11335DBE0077DF50 /* level-glare.png */; };
		1A6F5E76112DDEB900AB5CB8 /* play.png in Resources */ = {isa = PBXBuildFile; fileRef = 1A6F5E75112DDEB900AB5CB8 /* play.png */; };
		1A6F5E7A112DE79B00AB5CB8 /* level-name-bg.png in Resources */ = {isa = PBXBuildFile; fileRef = 1A6F5E79112DE79B00AB5CB8 /* level-name-bg.png */; };
		1A6F5E7E112DECCE00AB5CB8 /* ApexSansExtraBoldC.ttf in Resources */ = {isa = PBXBuildFile; fileRef = 1A6F5E7D112DECCE00AB5CB8 /* ApexSansExtraBoldC.ttf */; };
		1A861A8510916C0500706CC5 /* CoreGraphics.framework in Frameworks */ = {isa = PBXBuildFile; fileRef = 1A861A8410916C0500706CC5 /* CoreGraphics.framework */; };
		1A8AAD811100F83C006ABDA6 /* EAGLView.m in Sources */ = {isa = PBXBuildFile; fileRef = 1A8AAD7C1100F83C006ABDA6 /* EAGLView.m */; };
		1A8AAD821100F83C006ABDA6 /* main.m in Sources */ = {isa = PBXBuildFile; fileRef = 1A8AAD7D1100F83C006ABDA6 /* main.m */; };
		1A8AAD831100F83C006ABDA6 /* tosserAppDelegate.m in Sources */ = {isa = PBXBuildFile; fileRef = 1A8AAD7F1100F83C006ABDA6 /* tosserAppDelegate.m */; };
		1A8AAD841100F83C006ABDA6 /* window.xib in Resources */ = {isa = PBXBuildFile; fileRef = 1A8AAD801100F83C006ABDA6 /* window.xib */; };
		1A8AAD871100F85B006ABDA6 /* init_.c in Sources */ = {isa = PBXBuildFile; fileRef = 1A8AAD851100F85B006ABDA6 /* init_.c */; };
		1A8AAD881100F85B006ABDA6 /* init.c in Sources */ = {isa = PBXBuildFile; fileRef = 1A8AAD861100F85B006ABDA6 /* init.c */; };
		1A9BFC011119EE6B00031D97 /* explosion.png in Resources */ = {isa = PBXBuildFile; fileRef = 1A9BFC001119EE6B00031D97 /* explosion.png */; };
		1A9BFC051119F9D100031D97 /* blood.png in Resources */ = {isa = PBXBuildFile; fileRef = 1A9BFC041119F9D100031D97 /* blood.png */; };
		1AA2D96610AF23B400BF3FB2 /* bah.wav in Resources */ = {isa = PBXBuildFile; fileRef = 1AA2D92F10AF23B400BF3FB2 /* bah.wav */; };
		1AA2D97310AF23B400BF3FB2 /* cow.mtl in Resources */ = {isa = PBXBuildFile; fileRef = 1AA2D93C10AF23B400BF3FB2 /* cow.mtl */; };
		1AA2D97410AF23B400BF3FB2 /* cow.obj in Resources */ = {isa = PBXBuildFile; fileRef = 1AA2D93D10AF23B400BF3FB2 /* cow.obj */; };
		1AA2D97610AF23B400BF3FB2 /* explosion.wav in Resources */ = {isa = PBXBuildFile; fileRef = 1AA2D93F10AF23B400BF3FB2 /* explosion.wav */; };
		1AA2D97710AF23B400BF3FB2 /* explosion2.wav in Resources */ = {isa = PBXBuildFile; fileRef = 1AA2D94010AF23B400BF3FB2 /* explosion2.wav */; };
		1AA2D97810AF23B400BF3FB2 /* gradient.png in Resources */ = {isa = PBXBuildFile; fileRef = 1AA2D94110AF23B400BF3FB2 /* gradient.png */; };
		1AA2D97D10AF23B400BF3FB2 /* line.png in Resources */ = {isa = PBXBuildFile; fileRef = 1AA2D94610AF23B400BF3FB2 /* line.png */; };
		1AA2D97E10AF23B400BF3FB2 /* line.pnx in Resources */ = {isa = PBXBuildFile; fileRef = 1AA2D94710AF23B400BF3FB2 /* line.pnx */; };
		1AA2D97F10AF23B400BF3FB2 /* line.tiff in Resources */ = {isa = PBXBuildFile; fileRef = 1AA2D94810AF23B400BF3FB2 /* line.tiff */; };
		1AA2D98010AF23B400BF3FB2 /* line2.png in Resources */ = {isa = PBXBuildFile; fileRef = 1AA2D94910AF23B400BF3FB2 /* line2.png */; };
		1AA2D98110AF23B400BF3FB2 /* line2.tiff in Resources */ = {isa = PBXBuildFile; fileRef = 1AA2D94A10AF23B400BF3FB2 /* line2.tiff */; };
		1AA2D98D10AF23B400BF3FB2 /* moo.wav in Resources */ = {isa = PBXBuildFile; fileRef = 1AA2D95610AF23B400BF3FB2 /* moo.wav */; };
		1AA2D98E10AF23B400BF3FB2 /* noise.wav in Resources */ = {isa = PBXBuildFile; fileRef = 1AA2D95710AF23B400BF3FB2 /* noise.wav */; };
		1AA2D98F10AF23B400BF3FB2 /* shatter.wav in Resources */ = {isa = PBXBuildFile; fileRef = 1AA2D95810AF23B400BF3FB2 /* shatter.wav */; };
		1AA2D99410AF23B400BF3FB2 /* sheep.obj in Resources */ = {isa = PBXBuildFile; fileRef = 1AA2D95D10AF23B400BF3FB2 /* sheep.obj */; };
		1AA2D99710AF23B400BF3FB2 /* sky.png in Resources */ = {isa = PBXBuildFile; fileRef = 1AA2D96010AF23B400BF3FB2 /* sky.png */; };
		1AA2D99C10AF23B400BF3FB2 /* thud.wav in Resources */ = {isa = PBXBuildFile; fileRef = 1AA2D96510AF23B400BF3FB2 /* thud.wav */; };
		1AA2DA2410AF442A00BF3FB2 /* cow.obj.gso in Resources */ = {isa = PBXBuildFile; fileRef = 1AA2DA2210AF442A00BF3FB2 /* cow.obj.gso */; };
		1AA2DA2510AF442A00BF3FB2 /* sheep.obj.gso in Resources */ = {isa = PBXBuildFile; fileRef = 1AA2DA2310AF442A00BF3FB2 /* sheep.obj.gso */; };
		1AA90AC71111FF6A0045309E /* bah.wav in Resources */ = {isa = PBXBuildFile; fileRef = 1AA2D92F10AF23B400BF3FB2 /* bah.wav */; };
		1AA90AC81111FF6A0045309E /* cow.mtl in Resources */ = {isa = PBXBuildFile; fileRef = 1AA2D93C10AF23B400BF3FB2 /* cow.mtl */; };
		1AA90AC91111FF6A0045309E /* cow.obj in Resources */ = {isa = PBXBuildFile; fileRef = 1AA2D93D10AF23B400BF3FB2 /* cow.obj */; };
		1AA90ACA1111FF6A0045309E /* explosion.wav in Resources */ = {isa = PBXBuildFile; fileRef = 1AA2D93F10AF23B400BF3FB2 /* explosion.wav */; };
		1AA90ACB1111FF6A0045309E /* explosion2.wav in Resources */ = {isa = PBXBuildFile; fileRef = 1AA2D94010AF23B400BF3FB2 /* explosion2.wav */; };
		1AA90ACC1111FF6A0045309E /* gradient.png in Resources */ = {isa = PBXBuildFile; fileRef = 1AA2D94110AF23B400BF3FB2 /* gradient.png */; };
		1AA90ACD1111FF6A0045309E /* line.png in Resources */ = {isa = PBXBuildFile; fileRef = 1AA2D94610AF23B400BF3FB2 /* line.png */; };
		1AA90ACE1111FF6A0045309E /* line.pnx in Resources */ = {isa = PBXBuildFile; fileRef = 1AA2D94710AF23B400BF3FB2 /* line.pnx */; };
		1AA90ACF1111FF6A0045309E /* line.tiff in Resources */ = {isa = PBXBuildFile; fileRef = 1AA2D94810AF23B400BF3FB2 /* line.tiff */; };
		1AA90AD01111FF6A0045309E /* line2.png in Resources */ = {isa = PBXBuildFile; fileRef = 1AA2D94910AF23B400BF3FB2 /* line2.png */; };
		1AA90AD11111FF6A0045309E /* line2.tiff in Resources */ = {isa = PBXBuildFile; fileRef = 1AA2D94A10AF23B400BF3FB2 /* line2.tiff */; };
		1AA90AD21111FF6A0045309E /* moo.wav in Resources */ = {isa = PBXBuildFile; fileRef = 1AA2D95610AF23B400BF3FB2 /* moo.wav */; };
		1AA90AD31111FF6A0045309E /* noise.wav in Resources */ = {isa = PBXBuildFile; fileRef = 1AA2D95710AF23B400BF3FB2 /* noise.wav */; };
		1AA90AD41111FF6A0045309E /* shatter.wav in Resources */ = {isa = PBXBuildFile; fileRef = 1AA2D95810AF23B400BF3FB2 /* shatter.wav */; };
		1AA90AD51111FF6A0045309E /* sheep.obj in Resources */ = {isa = PBXBuildFile; fileRef = 1AA2D95D10AF23B400BF3FB2 /* sheep.obj */; };
		1AA90AD61111FF6A0045309E /* sky.png in Resources */ = {isa = PBXBuildFile; fileRef = 1AA2D96010AF23B400BF3FB2 /* sky.png */; };
		1AA90AD71111FF6A0045309E /* thud.wav in Resources */ = {isa = PBXBuildFile; fileRef = 1AA2D96510AF23B400BF3FB2 /* thud.wav */; };
		1AA90AD81111FF6A0045309E /* cow.obj.gso in Resources */ = {isa = PBXBuildFile; fileRef = 1AA2DA2210AF442A00BF3FB2 /* cow.obj.gso */; };
		1AA90AD91111FF6A0045309E /* sheep.obj.gso in Resources */ = {isa = PBXBuildFile; fileRef = 1AA2DA2310AF442A00BF3FB2 /* sheep.obj.gso */; };
		1AA90ADA1111FF6A0045309E /* chicken.obj.gso in Resources */ = {isa = PBXBuildFile; fileRef = 1AEA80C110B0777A0065D846 /* chicken.obj.gso */; };
		1AA90ADB1111FF6A0045309E /* chicken.wav in Resources */ = {isa = PBXBuildFile; fileRef = 1AEA80C210B0777A0065D846 /* chicken.wav */; };
		1AA90ADC1111FF6A0045309E /* life-bar.png in Resources */ = {isa = PBXBuildFile; fileRef = 1AEA80D510B091140065D846 /* life-bar.png */; };
		1AA90ADD1111FF6A0045309E /* life-groove.png in Resources */ = {isa = PBXBuildFile; fileRef = 1AEA80D610B091140065D846 /* life-groove.png */; };
		1AA90ADE1111FF6A0045309E /* duck.obj.gso in Resources */ = {isa = PBXBuildFile; fileRef = 1ACC5B2E10F6640100293FFC /* duck.obj.gso */; };
		1AA90ADF1111FF6A0045309E /* star.png in Resources */ = {isa = PBXBuildFile; fileRef = 1ACC5B8A10FFDB3B00293FFC /* star.png */; };
		1AA90AE11111FF6A0045309E /* icon.png in Resources */ = {isa = PBXBuildFile; fileRef = 1AAB11CA1100FDF6005EAADF /* icon.png */; };
		1AA90AE21111FF6A0045309E /* line3.png in Resources */ = {isa = PBXBuildFile; fileRef = 1AC53D4F11016A470070F366 /* line3.png */; };
		1AA90AE31111FF6A0045309E /* title.png in Resources */ = {isa = PBXBuildFile; fileRef = 1A35A039110535D70089D30B /* title.png */; };
		1AA90AE41111FF6A0045309E /* survived.png in Resources */ = {isa = PBXBuildFile; fileRef = 1ABC066F110E01CF00879AEC /* survived.png */; };
		1AA90AE51111FF6A0045309E /* test-background.png in Resources */ = {isa = PBXBuildFile; fileRef = 1ABC0673110E67EC00879AEC /* test-background.png */; };
		1AA90AE71111FF6A0045309E /* EAGLView.m in Sources */ = {isa = PBXBuildFile; fileRef = 1A8AAD7C1100F83C006ABDA6 /* EAGLView.m */; };
		1AA90AE81111FF6A0045309E /* main.m in Sources */ = {isa = PBXBuildFile; fileRef = 1A8AAD7D1100F83C006ABDA6 /* main.m */; };
		1AA90AE91111FF6A0045309E /* tosserAppDelegate.m in Sources */ = {isa = PBXBuildFile; fileRef = 1A8AAD7F1100F83C006ABDA6 /* tosserAppDelegate.m */; };
		1AA90AEA1111FF6A0045309E /* init_.c in Sources */ = {isa = PBXBuildFile; fileRef = 1A8AAD851100F85B006ABDA6 /* init_.c */; };
		1AA90AEB1111FF6A0045309E /* init.c in Sources */ = {isa = PBXBuildFile; fileRef = 1A8AAD861100F85B006ABDA6 /* init.c */; };
		1AA90AED1111FF6A0045309E /* Foundation.framework in Frameworks */ = {isa = PBXBuildFile; fileRef = 1D30AB110D05D00D00671497 /* Foundation.framework */; };
		1AA90AEE1111FF6A0045309E /* UIKit.framework in Frameworks */ = {isa = PBXBuildFile; fileRef = 1DF5F4DF0D08C38300B7A737 /* UIKit.framework */; };
		1AA90AEF1111FF6A0045309E /* OpenGLES.framework in Frameworks */ = {isa = PBXBuildFile; fileRef = 28FD14FF0DC6FC520079059D /* OpenGLES.framework */; };
		1AA90AF01111FF6A0045309E /* QuartzCore.framework in Frameworks */ = {isa = PBXBuildFile; fileRef = 28FD15070DC6FC5B0079059D /* QuartzCore.framework */; };
		1AA90AF11111FF6A0045309E /* CoreGraphics.framework in Frameworks */ = {isa = PBXBuildFile; fileRef = 1A861A8410916C0500706CC5 /* CoreGraphics.framework */; };
		1AA90AF21111FF6A0045309E /* OpenAL.framework in Frameworks */ = {isa = PBXBuildFile; fileRef = 1A1D5AC9109A349500ED980E /* OpenAL.framework */; };
		1AA90AF31111FF6A0045309E /* AudioToolbox.framework in Frameworks */ = {isa = PBXBuildFile; fileRef = 1A1D5ACD109A34A600ED980E /* AudioToolbox.framework */; };
		1AA90B11111200470045309E /* window-ipad.xib in Resources */ = {isa = PBXBuildFile; fileRef = 1AA90B10111200470045309E /* window-ipad.xib */; };
		1AA90B121112005C0045309E /* window-ipad.xib in Resources */ = {isa = PBXBuildFile; fileRef = 1AA90B10111200470045309E /* window-ipad.xib */; };
		1AAB11CB1100FDF6005EAADF /* icon.png in Resources */ = {isa = PBXBuildFile; fileRef = 1AAB11CA1100FDF6005EAADF /* icon.png */; };
		1AAB60C3113478F2009D2ED4 /* level-bg3.png in Resources */ = {isa = PBXBuildFile; fileRef = 1AAB60C0113478F2009D2ED4 /* level-bg3.png */; };
		1AAB60C4113478F2009D2ED4 /* level-bg2.png in Resources */ = {isa = PBXBuildFile; fileRef = 1AAB60C1113478F2009D2ED4 /* level-bg2.png */; };
		1AAB60C5113478F2009D2ED4 /* level-bg1.png in Resources */ = {isa = PBXBuildFile; fileRef = 1AAB60C2113478F2009D2ED4 /* level-bg1.png */; };
		1ABC0670110E01CF00879AEC /* survived.png in Resources */ = {isa = PBXBuildFile; fileRef = 1ABC066F110E01CF00879AEC /* survived.png */; };
		1ABC0674110E67EC00879AEC /* test-background.png in Resources */ = {isa = PBXBuildFile; fileRef = 1ABC0673110E67EC00879AEC /* test-background.png */; };
		1AC53D5011016A470070F366 /* line3.png in Resources */ = {isa = PBXBuildFile; fileRef = 1AC53D4F11016A470070F366 /* line3.png */; };
		1ACC5B2F10F6640200293FFC /* duck.obj.gso in Resources */ = {isa = PBXBuildFile; fileRef = 1ACC5B2E10F6640100293FFC /* duck.obj.gso */; };
		1ACC5B8B10FFDB3B00293FFC /* star.png in Resources */ = {isa = PBXBuildFile; fileRef = 1ACC5B8A10FFDB3B00293FFC /* star.png */; };
		1ACCF3E6111411680037F147 /* title-screen.png in Resources */ = {isa = PBXBuildFile; fileRef = 1ACCF3E4111411680037F147 /* title-screen.png */; };
		1AE94F4F11207F1800DC96AA /* ApexSansBookC.ttf in Resources */ = {isa = PBXBuildFile; fileRef = 1AE94F4E11207F1800DC96AA /* ApexSansBookC.ttf */; };
		1AEA80C310B0777A0065D846 /* chicken.obj.gso in Resources */ = {isa = PBXBuildFile; fileRef = 1AEA80C110B0777A0065D846 /* chicken.obj.gso */; };
		1AEA80C410B0777A0065D846 /* chicken.wav in Resources */ = {isa = PBXBuildFile; fileRef = 1AEA80C210B0777A0065D846 /* chicken.wav */; };
		1AEA80D710B091140065D846 /* life-bar.png in Resources */ = {isa = PBXBuildFile; fileRef = 1AEA80D510B091140065D846 /* life-bar.png */; };
		1AEA80D810B091140065D846 /* life-groove.png in Resources */ = {isa = PBXBuildFile; fileRef = 1AEA80D610B091140065D846 /* life-groove.png */; };
		1D60589F0D05DD5A006BFB54 /* Foundation.framework in Frameworks */ = {isa = PBXBuildFile; fileRef = 1D30AB110D05D00D00671497 /* Foundation.framework */; };
		1DF5F4E00D08C38300B7A737 /* UIKit.framework in Frameworks */ = {isa = PBXBuildFile; fileRef = 1DF5F4DF0D08C38300B7A737 /* UIKit.framework */; };
		28FD15000DC6FC520079059D /* OpenGLES.framework in Frameworks */ = {isa = PBXBuildFile; fileRef = 28FD14FF0DC6FC520079059D /* OpenGLES.framework */; };
		28FD15080DC6FC5B0079059D /* QuartzCore.framework in Frameworks */ = {isa = PBXBuildFile; fileRef = 28FD15070DC6FC5B0079059D /* QuartzCore.framework */; };
/* End PBXBuildFile section */

/* Begin PBXFileReference section */
		1A08E31A1118012B001CAA3A /* cow-parts.obj.gso */ = {isa = PBXFileReference; lastKnownFileType = file; path = "cow-parts.obj.gso"; sourceTree = "<group>"; };
		1A08E33211189D21001CAA3A /* cow-part3.obj.gso */ = {isa = PBXFileReference; lastKnownFileType = file; path = "cow-part3.obj.gso"; sourceTree = "<group>"; };
		1A08E33311189D21001CAA3A /* cow-part2.obj.gso */ = {isa = PBXFileReference; lastKnownFileType = file; path = "cow-part2.obj.gso"; sourceTree = "<group>"; };
		1A08E33411189D21001CAA3A /* cow-part1.obj.gso */ = {isa = PBXFileReference; lastKnownFileType = file; path = "cow-part1.obj.gso"; sourceTree = "<group>"; };
		1A1D5AC9109A349500ED980E /* OpenAL.framework */ = {isa = PBXFileReference; lastKnownFileType = wrapper.framework; name = OpenAL.framework; path = /System/Library/Frameworks/OpenAL.framework; sourceTree = "<absolute>"; };
		1A1D5ACD109A34A600ED980E /* AudioToolbox.framework */ = {isa = PBXFileReference; lastKnownFileType = wrapper.framework; name = AudioToolbox.framework; path = /System/Library/Frameworks/AudioToolbox.framework; sourceTree = "<absolute>"; };
		1A2D1A0E111B4B350021CC3B /* person.obj.gso */ = {isa = PBXFileReference; lastKnownFileType = file; path = person.obj.gso; sourceTree = "<group>"; };
		1A2D1A22111B58BA0021CC3B /* fail.png */ = {isa = PBXFileReference; lastKnownFileType = image.png; path = fail.png; sourceTree = "<group>"; };
		1A2D1A2E111B6B9B0021CC3B /* success.png */ = {isa = PBXFileReference; lastKnownFileType = image.png; path = success.png; sourceTree = "<group>"; };
		1A2D1A6F111E73320021CC3B /* Batang.ttf */ = {isa = PBXFileReference; lastKnownFileType = file; path = Batang.ttf; sourceTree = "<group>"; };
		1A35A039110535D70089D30B /* title.png */ = {isa = PBXFileReference; lastKnownFileType = image.png; path = title.png; sourceTree = "<group>"; };
		1A6C23EA11335DBE0077DF50 /* level-glare.png */ = {isa = PBXFileReference; lastKnownFileType = image.png; path = "level-glare.png"; sourceTree = "<group>"; };
		1A6F5E75112DDEB900AB5CB8 /* play.png */ = {isa = PBXFileReference; lastKnownFileType = image.png; path = play.png; sourceTree = "<group>"; };
		1A6F5E79112DE79B00AB5CB8 /* level-name-bg.png */ = {isa = PBXFileReference; lastKnownFileType = image.png; path = "level-name-bg.png"; sourceTree = "<group>"; };
		1A6F5E7D112DECCE00AB5CB8 /* ApexSansExtraBoldC.ttf */ = {isa = PBXFileReference; lastKnownFileType = file; path = ApexSansExtraBoldC.ttf; sourceTree = "<group>"; };
		1A861A8410916C0500706CC5 /* CoreGraphics.framework */ = {isa = PBXFileReference; lastKnownFileType = wrapper.framework; name = CoreGraphics.framework; path = System/Library/Frameworks/CoreGraphics.framework; sourceTree = SDKROOT; };
		1A8AAD7B1100F83C006ABDA6 /* EAGLView.h */ = {isa = PBXFileReference; fileEncoding = 4; lastKnownFileType = sourcecode.c.h; name = EAGLView.h; path = src/app/EAGLView.h; sourceTree = "<group>"; };
		1A8AAD7C1100F83C006ABDA6 /* EAGLView.m */ = {isa = PBXFileReference; fileEncoding = 4; lastKnownFileType = sourcecode.c.objc; name = EAGLView.m; path = src/app/EAGLView.m; sourceTree = "<group>"; };
		1A8AAD7D1100F83C006ABDA6 /* main.m */ = {isa = PBXFileReference; fileEncoding = 4; lastKnownFileType = sourcecode.c.objc; name = main.m; path = src/app/main.m; sourceTree = "<group>"; };
		1A8AAD7E1100F83C006ABDA6 /* tosserAppDelegate.h */ = {isa = PBXFileReference; fileEncoding = 4; lastKnownFileType = sourcecode.c.h; name = tosserAppDelegate.h; path = src/app/tosserAppDelegate.h; sourceTree = "<group>"; };
		1A8AAD7F1100F83C006ABDA6 /* tosserAppDelegate.m */ = {isa = PBXFileReference; fileEncoding = 4; lastKnownFileType = sourcecode.c.objc; name = tosserAppDelegate.m; path = src/app/tosserAppDelegate.m; sourceTree = "<group>"; };
		1A8AAD801100F83C006ABDA6 /* window.xib */ = {isa = PBXFileReference; lastKnownFileType = file.xib; name = window.xib; path = src/app/window.xib; sourceTree = "<group>"; };
		1A8AAD851100F85B006ABDA6 /* init_.c */ = {isa = PBXFileReference; fileEncoding = 4; lastKnownFileType = sourcecode.c.c; name = init_.c; path = src/init_.c; sourceTree = "<group>"; };
		1A8AAD861100F85B006ABDA6 /* init.c */ = {isa = PBXFileReference; fileEncoding = 4; lastKnownFileType = sourcecode.c.c; name = init.c; path = src/init.c; sourceTree = "<group>"; };
		1A9BFC001119EE6B00031D97 /* explosion.png */ = {isa = PBXFileReference; lastKnownFileType = image.png; path = explosion.png; sourceTree = "<group>"; };
		1A9BFC041119F9D100031D97 /* blood.png */ = {isa = PBXFileReference; lastKnownFileType = image.png; path = blood.png; sourceTree = "<group>"; };
		1AA2D92F10AF23B400BF3FB2 /* bah.wav */ = {isa = PBXFileReference; lastKnownFileType = audio.wav; path = bah.wav; sourceTree = "<group>"; };
		1AA2D93C10AF23B400BF3FB2 /* cow.mtl */ = {isa = PBXFileReference; fileEncoding = 4; lastKnownFileType = text; path = cow.mtl; sourceTree = "<group>"; };
		1AA2D93D10AF23B400BF3FB2 /* cow.obj */ = {isa = PBXFileReference; fileEncoding = 4; lastKnownFileType = text; path = cow.obj; sourceTree = "<group>"; };
		1AA2D93F10AF23B400BF3FB2 /* explosion.wav */ = {isa = PBXFileReference; lastKnownFileType = audio.wav; path = explosion.wav; sourceTree = "<group>"; };
		1AA2D94010AF23B400BF3FB2 /* explosion2.wav */ = {isa = PBXFileReference; lastKnownFileType = audio.wav; path = explosion2.wav; sourceTree = "<group>"; };
		1AA2D94110AF23B400BF3FB2 /* gradient.png */ = {isa = PBXFileReference; lastKnownFileType = image.png; path = gradient.png; sourceTree = "<group>"; };
		1AA2D94610AF23B400BF3FB2 /* line.png */ = {isa = PBXFileReference; lastKnownFileType = image.png; path = line.png; sourceTree = "<group>"; };
		1AA2D94710AF23B400BF3FB2 /* line.pnx */ = {isa = PBXFileReference; lastKnownFileType = file; path = line.pnx; sourceTree = "<group>"; };
		1AA2D94810AF23B400BF3FB2 /* line.tiff */ = {isa = PBXFileReference; lastKnownFileType = image.tiff; path = line.tiff; sourceTree = "<group>"; };
		1AA2D94910AF23B400BF3FB2 /* line2.png */ = {isa = PBXFileReference; lastKnownFileType = image.png; path = line2.png; sourceTree = "<group>"; };
		1AA2D94A10AF23B400BF3FB2 /* line2.tiff */ = {isa = PBXFileReference; lastKnownFileType = image.tiff; path = line2.tiff; sourceTree = "<group>"; };
		1AA2D95610AF23B400BF3FB2 /* moo.wav */ = {isa = PBXFileReference; lastKnownFileType = audio.wav; path = moo.wav; sourceTree = "<group>"; };
		1AA2D95710AF23B400BF3FB2 /* noise.wav */ = {isa = PBXFileReference; lastKnownFileType = audio.wav; path = noise.wav; sourceTree = "<group>"; };
		1AA2D95810AF23B400BF3FB2 /* shatter.wav */ = {isa = PBXFileReference; lastKnownFileType = audio.wav; path = shatter.wav; sourceTree = "<group>"; };
		1AA2D95D10AF23B400BF3FB2 /* sheep.obj */ = {isa = PBXFileReference; fileEncoding = 4; lastKnownFileType = text; path = sheep.obj; sourceTree = "<group>"; };
		1AA2D96010AF23B400BF3FB2 /* sky.png */ = {isa = PBXFileReference; lastKnownFileType = image.png; path = sky.png; sourceTree = "<group>"; };
		1AA2D96510AF23B400BF3FB2 /* thud.wav */ = {isa = PBXFileReference; lastKnownFileType = audio.wav; path = thud.wav; sourceTree = "<group>"; };
		1AA2DA2210AF442A00BF3FB2 /* cow.obj.gso */ = {isa = PBXFileReference; lastKnownFileType = file; path = cow.obj.gso; sourceTree = "<group>"; };
		1AA2DA2310AF442A00BF3FB2 /* sheep.obj.gso */ = {isa = PBXFileReference; lastKnownFileType = file; path = sheep.obj.gso; sourceTree = "<group>"; };
		1AA90AF81111FF6A0045309E /* farmageddon-iPad.app */ = {isa = PBXFileReference; explicitFileType = wrapper.application; includeInIndex = 0; path = "farmageddon-iPad.app"; sourceTree = BUILT_PRODUCTS_DIR; };
		1AA90B10111200470045309E /* window-ipad.xib */ = {isa = PBXFileReference; lastKnownFileType = file.xib; name = "window-ipad.xib"; path = "src/app/window-ipad.xib"; sourceTree = "<group>"; };
		1AAB11BD1100FBA2005EAADF /* Info.plist */ = {isa = PBXFileReference; fileEncoding = 4; lastKnownFileType = text.plist.xml; name = Info.plist; path = src/app/Info.plist; sourceTree = "<group>"; };
		1AAB11CA1100FDF6005EAADF /* icon.png */ = {isa = PBXFileReference; lastKnownFileType = image.png; path = icon.png; sourceTree = "<group>"; };
		1AAB60C0113478F2009D2ED4 /* level-bg3.png */ = {isa = PBXFileReference; lastKnownFileType = image.png; path = "level-bg3.png"; sourceTree = "<group>"; };
		1AAB60C1113478F2009D2ED4 /* level-bg2.png */ = {isa = PBXFileReference; lastKnownFileType = image.png; path = "level-bg2.png"; sourceTree = "<group>"; };
		1AAB60C2113478F2009D2ED4 /* level-bg1.png */ = {isa = PBXFileReference; lastKnownFileType = image.png; path = "level-bg1.png"; sourceTree = "<group>"; };
		1ABC066F110E01CF00879AEC /* survived.png */ = {isa = PBXFileReference; lastKnownFileType = image.png; path = survived.png; sourceTree = "<group>"; };
		1ABC0673110E67EC00879AEC /* test-background.png */ = {isa = PBXFileReference; lastKnownFileType = image.png; path = "test-background.png"; sourceTree = "<group>"; };
		1AC53D4F11016A470070F366 /* line3.png */ = {isa = PBXFileReference; lastKnownFileType = image.png; path = line3.png; sourceTree = "<group>"; };
		1ACC5B2E10F6640100293FFC /* duck.obj.gso */ = {isa = PBXFileReference; lastKnownFileType = file; path = duck.obj.gso; sourceTree = "<group>"; };
		1ACC5B8A10FFDB3B00293FFC /* star.png */ = {isa = PBXFileReference; lastKnownFileType = image.png; path = star.png; sourceTree = "<group>"; };
		1ACCF3E4111411680037F147 /* title-screen.png */ = {isa = PBXFileReference; lastKnownFileType = image.png; path = "title-screen.png"; sourceTree = "<group>"; };
		1AE94F4E11207F1800DC96AA /* ApexSansBookC.ttf */ = {isa = PBXFileReference; lastKnownFileType = file; path = ApexSansBookC.ttf; sourceTree = "<group>"; };
		1AEA80C110B0777A0065D846 /* chicken.obj.gso */ = {isa = PBXFileReference; lastKnownFileType = file; path = chicken.obj.gso; sourceTree = "<group>"; };
		1AEA80C210B0777A0065D846 /* chicken.wav */ = {isa = PBXFileReference; lastKnownFileType = audio.wav; path = chicken.wav; sourceTree = "<group>"; };
		1AEA80D510B091140065D846 /* life-bar.png */ = {isa = PBXFileReference; lastKnownFileType = image.png; path = "life-bar.png"; sourceTree = "<group>"; };
		1AEA80D610B091140065D846 /* life-groove.png */ = {isa = PBXFileReference; lastKnownFileType = image.png; path = "life-groove.png"; sourceTree = "<group>"; };
		1D30AB110D05D00D00671497 /* Foundation.framework */ = {isa = PBXFileReference; lastKnownFileType = wrapper.framework; name = Foundation.framework; path = System/Library/Frameworks/Foundation.framework; sourceTree = SDKROOT; };
		1D6058910D05DD3D006BFB54 /* farmageddon.app */ = {isa = PBXFileReference; explicitFileType = wrapper.application; includeInIndex = 0; path = farmageddon.app; sourceTree = BUILT_PRODUCTS_DIR; };
		1DF5F4DF0D08C38300B7A737 /* UIKit.framework */ = {isa = PBXFileReference; lastKnownFileType = wrapper.framework; name = UIKit.framework; path = System/Library/Frameworks/UIKit.framework; sourceTree = SDKROOT; };
		28FD14FF0DC6FC520079059D /* OpenGLES.framework */ = {isa = PBXFileReference; lastKnownFileType = wrapper.framework; name = OpenGLES.framework; path = System/Library/Frameworks/OpenGLES.framework; sourceTree = SDKROOT; };
		28FD15070DC6FC5B0079059D /* QuartzCore.framework */ = {isa = PBXFileReference; lastKnownFileType = wrapper.framework; name = QuartzCore.framework; path = System/Library/Frameworks/QuartzCore.framework; sourceTree = SDKROOT; };
/* End PBXFileReference section */

/* Begin PBXFrameworksBuildPhase section */
		1AA90AEC1111FF6A0045309E /* Frameworks */ = {
			isa = PBXFrameworksBuildPhase;
			buildActionMask = 2147483647;
			files = (
				1AA90AED1111FF6A0045309E /* Foundation.framework in Frameworks */,
				1AA90AEE1111FF6A0045309E /* UIKit.framework in Frameworks */,
				1AA90AEF1111FF6A0045309E /* OpenGLES.framework in Frameworks */,
				1AA90AF01111FF6A0045309E /* QuartzCore.framework in Frameworks */,
				1AA90AF11111FF6A0045309E /* CoreGraphics.framework in Frameworks */,
				1AA90AF21111FF6A0045309E /* OpenAL.framework in Frameworks */,
				1AA90AF31111FF6A0045309E /* AudioToolbox.framework in Frameworks */,
			);
			runOnlyForDeploymentPostprocessing = 0;
		};
		1D60588F0D05DD3D006BFB54 /* Frameworks */ = {
			isa = PBXFrameworksBuildPhase;
			buildActionMask = 2147483647;
			files = (
				1D60589F0D05DD5A006BFB54 /* Foundation.framework in Frameworks */,
				1DF5F4E00D08C38300B7A737 /* UIKit.framework in Frameworks */,
				28FD15000DC6FC520079059D /* OpenGLES.framework in Frameworks */,
				28FD15080DC6FC5B0079059D /* QuartzCore.framework in Frameworks */,
				1A861A8510916C0500706CC5 /* CoreGraphics.framework in Frameworks */,
				1A1D5ACA109A349500ED980E /* OpenAL.framework in Frameworks */,
				1A1D5ACE109A34A600ED980E /* AudioToolbox.framework in Frameworks */,
			);
			runOnlyForDeploymentPostprocessing = 0;
		};
/* End PBXFrameworksBuildPhase section */

/* Begin PBXGroup section */
		19C28FACFE9D520D11CA2CBB /* Products */ = {
			isa = PBXGroup;
			children = (
				1D6058910D05DD3D006BFB54 /* farmageddon.app */,
				1AA90AF81111FF6A0045309E /* farmageddon-iPad.app */,
			);
			name = Products;
			sourceTree = "<group>";
		};
		1A8BCDAE101A1BEA00DED70B /* resources */ = {
			isa = PBXGroup;
			children = (
				1AAB60C0113478F2009D2ED4 /* level-bg3.png */,
				1AAB60C1113478F2009D2ED4 /* level-bg2.png */,
				1AAB60C2113478F2009D2ED4 /* level-bg1.png */,
				1A6C23EA11335DBE0077DF50 /* level-glare.png */,
				1A6F5E7D112DECCE00AB5CB8 /* ApexSansExtraBoldC.ttf */,
				1A6F5E79112DE79B00AB5CB8 /* level-name-bg.png */,
				1A6F5E75112DDEB900AB5CB8 /* play.png */,
				1AE94F4E11207F1800DC96AA /* ApexSansBookC.ttf */,
				1A2D1A6F111E73320021CC3B /* Batang.ttf */,
				1A2D1A2E111B6B9B0021CC3B /* success.png */,
				1A2D1A22111B58BA0021CC3B /* fail.png */,
				1A2D1A0E111B4B350021CC3B /* person.obj.gso */,
				1A9BFC041119F9D100031D97 /* blood.png */,
				1A9BFC001119EE6B00031D97 /* explosion.png */,
				1A08E33211189D21001CAA3A /* cow-part3.obj.gso */,
				1A08E33311189D21001CAA3A /* cow-part2.obj.gso */,
				1A08E33411189D21001CAA3A /* cow-part1.obj.gso */,
				1A08E31A1118012B001CAA3A /* cow-parts.obj.gso */,
				1ACCF3E4111411680037F147 /* title-screen.png */,
				1ABC0673110E67EC00879AEC /* test-background.png */,
				1ABC066F110E01CF00879AEC /* survived.png */,
				1A35A039110535D70089D30B /* title.png */,
				1AC53D4F11016A470070F366 /* line3.png */,
				1AAB11CA1100FDF6005EAADF /* icon.png */,
				1ACC5B8A10FFDB3B00293FFC /* star.png */,
				1ACC5B2E10F6640100293FFC /* duck.obj.gso */,
				1AEA80D510B091140065D846 /* life-bar.png */,
				1AEA80D610B091140065D846 /* life-groove.png */,
				1AEA80C110B0777A0065D846 /* chicken.obj.gso */,
				1AEA80C210B0777A0065D846 /* chicken.wav */,
				1AA2DA2210AF442A00BF3FB2 /* cow.obj.gso */,
				1AA2DA2310AF442A00BF3FB2 /* sheep.obj.gso */,
				1AA2D92F10AF23B400BF3FB2 /* bah.wav */,
				1AA2D93C10AF23B400BF3FB2 /* cow.mtl */,
				1AA2D93D10AF23B400BF3FB2 /* cow.obj */,
				1AA2D93F10AF23B400BF3FB2 /* explosion.wav */,
				1AA2D94010AF23B400BF3FB2 /* explosion2.wav */,
				1AA2D94110AF23B400BF3FB2 /* gradient.png */,
				1AA2D94610AF23B400BF3FB2 /* line.png */,
				1AA2D94710AF23B400BF3FB2 /* line.pnx */,
				1AA2D94810AF23B400BF3FB2 /* line.tiff */,
				1AA2D94910AF23B400BF3FB2 /* line2.png */,
				1AA2D94A10AF23B400BF3FB2 /* line2.tiff */,
				1AA2D95610AF23B400BF3FB2 /* moo.wav */,
				1AA2D95710AF23B400BF3FB2 /* noise.wav */,
				1AA2D95810AF23B400BF3FB2 /* shatter.wav */,
				1AA2D95D10AF23B400BF3FB2 /* sheep.obj */,
				1AA2D96010AF23B400BF3FB2 /* sky.png */,
				1AA2D96510AF23B400BF3FB2 /* thud.wav */,
			);
			path = resources;
			sourceTree = "<group>";
		};
		29B97314FDCFA39411CA2CEA /* CustomTemplate */ = {
			isa = PBXGroup;
			children = (
				1AAB11BD1100FBA2005EAADF /* Info.plist */,
				1A8AAD851100F85B006ABDA6 /* init_.c */,
				1A8AAD861100F85B006ABDA6 /* init.c */,
				1A8AAD7B1100F83C006ABDA6 /* EAGLView.h */,
				1A8AAD7C1100F83C006ABDA6 /* EAGLView.m */,
				1A8AAD7D1100F83C006ABDA6 /* main.m */,
				1A8AAD7E1100F83C006ABDA6 /* tosserAppDelegate.h */,
				1A8AAD7F1100F83C006ABDA6 /* tosserAppDelegate.m */,
				1A8AAD801100F83C006ABDA6 /* window.xib */,
				1AA90B10111200470045309E /* window-ipad.xib */,
				1A8BCDAE101A1BEA00DED70B /* resources */,
				29B97323FDCFA39411CA2CEA /* Frameworks */,
				19C28FACFE9D520D11CA2CBB /* Products */,
			);
			name = CustomTemplate;
			sourceTree = "<group>";
		};
		29B97323FDCFA39411CA2CEA /* Frameworks */ = {
			isa = PBXGroup;
			children = (
				1A861A8410916C0500706CC5 /* CoreGraphics.framework */,
				28FD15070DC6FC5B0079059D /* QuartzCore.framework */,
				28FD14FF0DC6FC520079059D /* OpenGLES.framework */,
				1DF5F4DF0D08C38300B7A737 /* UIKit.framework */,
				1D30AB110D05D00D00671497 /* Foundation.framework */,
				1A1D5AC9109A349500ED980E /* OpenAL.framework */,
				1A1D5ACD109A34A600ED980E /* AudioToolbox.framework */,
			);
			name = Frameworks;
			sourceTree = "<group>";
		};
/* End PBXGroup section */

/* Begin PBXNativeTarget section */
		1AA90AC51111FF6A0045309E /* farmageddon-iPad */ = {
			isa = PBXNativeTarget;
			buildConfigurationList = 1AA90AF41111FF6A0045309E /* Build configuration list for PBXNativeTarget "farmageddon-iPad" */;
			buildPhases = (
				1AA90AC61111FF6A0045309E /* Resources */,
				1AA90AE61111FF6A0045309E /* Sources */,
				1AA90AEC1111FF6A0045309E /* Frameworks */,
			);
			buildRules = (
			);
			dependencies = (
			);
			name = "farmageddon-iPad";
			productName = tosser;
			productReference = 1AA90AF81111FF6A0045309E /* farmageddon-iPad.app */;
			productType = "com.apple.product-type.application";
		};
		1D6058900D05DD3D006BFB54 /* farmageddon */ = {
			isa = PBXNativeTarget;
			buildConfigurationList = 1D6058960D05DD3E006BFB54 /* Build configuration list for PBXNativeTarget "farmageddon" */;
			buildPhases = (
				1D60588D0D05DD3D006BFB54 /* Resources */,
				1D60588E0D05DD3D006BFB54 /* Sources */,
				1D60588F0D05DD3D006BFB54 /* Frameworks */,
			);
			buildRules = (
			);
			dependencies = (
			);
			name = farmageddon;
			productName = tosser;
			productReference = 1D6058910D05DD3D006BFB54 /* farmageddon.app */;
			productType = "com.apple.product-type.application";
		};
/* End PBXNativeTarget section */

/* Begin PBXProject section */
		29B97313FDCFA39411CA2CEA /* Project object */ = {
			isa = PBXProject;
			buildConfigurationList = C01FCF4E08A954540054247B /* Build configuration list for PBXProject "farmageddon" */;
			compatibilityVersion = "Xcode 3.1";
			hasScannedForEncodings = 1;
			mainGroup = 29B97314FDCFA39411CA2CEA /* CustomTemplate */;
			projectDirPath = "";
			projectRoot = "";
			targets = (
				1D6058900D05DD3D006BFB54 /* farmageddon */,
				1AA90AC51111FF6A0045309E /* farmageddon-iPad */,
			);
		};
/* End PBXProject section */

/* Begin PBXResourcesBuildPhase section */
		1AA90AC61111FF6A0045309E /* Resources */ = {
			isa = PBXResourcesBuildPhase;
			buildActionMask = 2147483647;
			files = (
				1AA90B121112005C0045309E /* window-ipad.xib in Resources */,
				1AA90AC71111FF6A0045309E /* bah.wav in Resources */,
				1AA90AC81111FF6A0045309E /* cow.mtl in Resources */,
				1AA90AC91111FF6A0045309E /* cow.obj in Resources */,
				1AA90ACA1111FF6A0045309E /* explosion.wav in Resources */,
				1AA90ACB1111FF6A0045309E /* explosion2.wav in Resources */,
				1AA90ACC1111FF6A0045309E /* gradient.png in Resources */,
				1AA90ACD1111FF6A0045309E /* line.png in Resources */,
				1AA90ACE1111FF6A0045309E /* line.pnx in Resources */,
				1AA90ACF1111FF6A0045309E /* line.tiff in Resources */,
				1AA90AD01111FF6A0045309E /* line2.png in Resources */,
				1AA90AD11111FF6A0045309E /* line2.tiff in Resources */,
				1AA90AD21111FF6A0045309E /* moo.wav in Resources */,
				1AA90AD31111FF6A0045309E /* noise.wav in Resources */,
				1AA90AD41111FF6A0045309E /* shatter.wav in Resources */,
				1AA90AD51111FF6A0045309E /* sheep.obj in Resources */,
				1AA90AD61111FF6A0045309E /* sky.png in Resources */,
				1AA90AD71111FF6A0045309E /* thud.wav in Resources */,
				1AA90AD81111FF6A0045309E /* cow.obj.gso in Resources */,
				1AA90AD91111FF6A0045309E /* sheep.obj.gso in Resources */,
				1AA90ADA1111FF6A0045309E /* chicken.obj.gso in Resources */,
				1AA90ADB1111FF6A0045309E /* chicken.wav in Resources */,
				1AA90ADC1111FF6A0045309E /* life-bar.png in Resources */,
				1AA90ADD1111FF6A0045309E /* life-groove.png in Resources */,
				1AA90ADE1111FF6A0045309E /* duck.obj.gso in Resources */,
				1AA90ADF1111FF6A0045309E /* star.png in Resources */,
				1AA90AE11111FF6A0045309E /* icon.png in Resources */,
				1AA90AE21111FF6A0045309E /* line3.png in Resources */,
				1AA90AE31111FF6A0045309E /* title.png in Resources */,
				1AA90AE41111FF6A0045309E /* survived.png in Resources */,
				1AA90AE51111FF6A0045309E /* test-background.png in Resources */,
			);
			runOnlyForDeploymentPostprocessing = 0;
		};
		1D60588D0D05DD3D006BFB54 /* Resources */ = {
			isa = PBXResourcesBuildPhase;
			buildActionMask = 2147483647;
			files = (
				1AA2D96610AF23B400BF3FB2 /* bah.wav in Resources */,
				1AA2D97310AF23B400BF3FB2 /* cow.mtl in Resources */,
				1AA2D97410AF23B400BF3FB2 /* cow.obj in Resources */,
				1AA2D97610AF23B400BF3FB2 /* explosion.wav in Resources */,
				1AA2D97710AF23B400BF3FB2 /* explosion2.wav in Resources */,
				1AA2D97810AF23B400BF3FB2 /* gradient.png in Resources */,
				1AA2D97D10AF23B400BF3FB2 /* line.png in Resources */,
				1AA2D97E10AF23B400BF3FB2 /* line.pnx in Resources */,
				1AA2D97F10AF23B400BF3FB2 /* line.tiff in Resources */,
				1AA2D98010AF23B400BF3FB2 /* line2.png in Resources */,
				1AA2D98110AF23B400BF3FB2 /* line2.tiff in Resources */,
				1AA2D98D10AF23B400BF3FB2 /* moo.wav in Resources */,
				1AA2D98E10AF23B400BF3FB2 /* noise.wav in Resources */,
				1AA2D98F10AF23B400BF3FB2 /* shatter.wav in Resources */,
				1AA2D99410AF23B400BF3FB2 /* sheep.obj in Resources */,
				1AA2D99710AF23B400BF3FB2 /* sky.png in Resources */,
				1AA2D99C10AF23B400BF3FB2 /* thud.wav in Resources */,
				1AA2DA2410AF442A00BF3FB2 /* cow.obj.gso in Resources */,
				1AA2DA2510AF442A00BF3FB2 /* sheep.obj.gso in Resources */,
				1AEA80C310B0777A0065D846 /* chicken.obj.gso in Resources */,
				1AEA80C410B0777A0065D846 /* chicken.wav in Resources */,
				1AEA80D710B091140065D846 /* life-bar.png in Resources */,
				1AEA80D810B091140065D846 /* life-groove.png in Resources */,
				1ACC5B2F10F6640200293FFC /* duck.obj.gso in Resources */,
				1ACC5B8B10FFDB3B00293FFC /* star.png in Resources */,
				1A8AAD841100F83C006ABDA6 /* window.xib in Resources */,
				1AAB11CB1100FDF6005EAADF /* icon.png in Resources */,
				1AC53D5011016A470070F366 /* line3.png in Resources */,
				1A35A03A110535D70089D30B /* title.png in Resources */,
				1ABC0670110E01CF00879AEC /* survived.png in Resources */,
				1ABC0674110E67EC00879AEC /* test-background.png in Resources */,
				1AA90B11111200470045309E /* window-ipad.xib in Resources */,
				1ACCF3E6111411680037F147 /* title-screen.png in Resources */,
				1A08E31B1118012B001CAA3A /* cow-parts.obj.gso in Resources */,
				1A08E33511189D21001CAA3A /* cow-part3.obj.gso in Resources */,
				1A08E33611189D21001CAA3A /* cow-part2.obj.gso in Resources */,
				1A08E33711189D21001CAA3A /* cow-part1.obj.gso in Resources */,
				1A9BFC011119EE6B00031D97 /* explosion.png in Resources */,
				1A9BFC051119F9D100031D97 /* blood.png in Resources */,
				1A2D1A0F111B4B350021CC3B /* person.obj.gso in Resources */,
				1A2D1A23111B58BA0021CC3B /* fail.png in Resources */,
				1A2D1A2F111B6B9B0021CC3B /* success.png in Resources */,
				1A2D1A70111E73320021CC3B /* Batang.ttf in Resources */,
				1AE94F4F11207F1800DC96AA /* ApexSansBookC.ttf in Resources */,
				1A6F5E76112DDEB900AB5CB8 /* play.png in Resources */,
				1A6F5E7A112DE79B00AB5CB8 /* level-name-bg.png in Resources */,
				1A6F5E7E112DECCE00AB5CB8 /* ApexSansExtraBoldC.ttf in Resources */,
				1A6C23EB11335DBE0077DF50 /* level-glare.png in Resources */,
				1AAB60C3113478F2009D2ED4 /* level-bg3.png in Resources */,
				1AAB60C4113478F2009D2ED4 /* level-bg2.png in Resources */,
				1AAB60C5113478F2009D2ED4 /* level-bg1.png in Resources */,
			);
			runOnlyForDeploymentPostprocessing = 0;
		};
/* End PBXResourcesBuildPhase section */

/* Begin PBXSourcesBuildPhase section */
		1AA90AE61111FF6A0045309E /* Sources */ = {
			isa = PBXSourcesBuildPhase;
			buildActionMask = 2147483647;
			files = (
				1AA90AE71111FF6A0045309E /* EAGLView.m in Sources */,
				1AA90AE81111FF6A0045309E /* main.m in Sources */,
				1AA90AE91111FF6A0045309E /* tosserAppDelegate.m in Sources */,
				1AA90AEA1111FF6A0045309E /* init_.c in Sources */,
				1AA90AEB1111FF6A0045309E /* init.c in Sources */,
			);
			runOnlyForDeploymentPostprocessing = 0;
		};
		1D60588E0D05DD3D006BFB54 /* Sources */ = {
			isa = PBXSourcesBuildPhase;
			buildActionMask = 2147483647;
			files = (
				1A8AAD811100F83C006ABDA6 /* EAGLView.m in Sources */,
				1A8AAD821100F83C006ABDA6 /* main.m in Sources */,
				1A8AAD831100F83C006ABDA6 /* tosserAppDelegate.m in Sources */,
				1A8AAD871100F85B006ABDA6 /* init_.c in Sources */,
				1A8AAD881100F85B006ABDA6 /* init.c in Sources */,
			);
			runOnlyForDeploymentPostprocessing = 0;
		};
/* End PBXSourcesBuildPhase section */

/* Begin XCBuildConfiguration section */
		1AA90AF51111FF6A0045309E /* Debug */ = {
			isa = XCBuildConfiguration;
			buildSettings = {
				ALWAYS_SEARCH_USER_PATHS = NO;
				COPY_PHASE_STRIP = NO;
				GCC_DYNAMIC_NO_PIC = NO;
				GCC_OPTIMIZATION_LEVEL = 0;
				GCC_PRECOMPILE_PREFIX_HEADER = YES;
				GCC_PREFIX_HEADER = src/app/farmageddon_Prefix.pch;
				INFOPLIST_FILE = src/app/Info.plist;
				PRODUCT_NAME = "farmageddon-iPad";
				SDKROOT = iphoneos3.2;
				TARGETED_DEVICE_FAMILY = 2;
			};
			name = Debug;
		};
		1AA90AF61111FF6A0045309E /* Debug iPhone */ = {
			isa = XCBuildConfiguration;
			buildSettings = {
				ALWAYS_SEARCH_USER_PATHS = NO;
				COPY_PHASE_STRIP = NO;
				GCC_DYNAMIC_NO_PIC = NO;
				GCC_OPTIMIZATION_LEVEL = 0;
				GCC_PRECOMPILE_PREFIX_HEADER = YES;
				GCC_PREFIX_HEADER = src/app/farmageddon_Prefix.pch;
				INFOPLIST_FILE = src/app/Info.plist;
				PRODUCT_NAME = "farmageddon-iPad";
				SDKROOT = iphoneos3.2;
				TARGETED_DEVICE_FAMILY = 2;
			};
			name = "Debug iPhone";
		};
		1AA90AF71111FF6A0045309E /* Release */ = {
			isa = XCBuildConfiguration;
			buildSettings = {
				ALWAYS_SEARCH_USER_PATHS = NO;
				COPY_PHASE_STRIP = YES;
				GCC_PRECOMPILE_PREFIX_HEADER = YES;
				GCC_PREFIX_HEADER = src/app/farmageddon_Prefix.pch;
				INFOPLIST_FILE = src/app/Info.plist;
				PRODUCT_NAME = "farmageddon-iPad";
				SDKROOT = iphoneos3.2;
				TARGETED_DEVICE_FAMILY = 2;
			};
			name = Release;
		};
		1ABC50B2101254C200811E0D /* Debug iPhone */ = {
			isa = XCBuildConfiguration;
			buildSettings = {
				ARCHS = "$(ARCHS_STANDARD_32_BIT)";
				CODE_SIGN_IDENTITY = "";
				"CODE_SIGN_IDENTITY[sdk=iphoneos*]" = "iPhone Developer: James Long";
				COPY_PHASE_STRIP = NO;
				GCC_C_LANGUAGE_STANDARD = c99;
				GCC_VERSION = 4.2;
				GCC_WARN_ABOUT_RETURN_TYPE = YES;
				GCC_WARN_UNUSED_VARIABLE = NO;
				ONLY_ACTIVE_ARCH = YES;
				OTHER_CFLAGS = (
					"-D___LIBRARY",
					"-x",
					"objective-c",
					"-Wno-unused",
					"-fno-math-errno",
					"-fschedule-insns2",
					"-fno-trapping-math",
					"-fno-strict-aliasing",
					"-fwrapv",
					"-fmodulo-sched",
					"-freschedule-modulo-scheduled-loops",
					"-fno-common",
				);
				OTHER_LDFLAGS = (
					"-lstdc++",
					"-lz",
					/usr/local/iphone/iPhoneOS3.1.2/lib/libfreetype.a,
					/usr/local/iphone/iPhoneOS3.1.2/lib/libftgl.a,
					"-L/usr/local/iphone/iPhoneOS3.1.2/lib",
					"-L/usr/local/Gambit-C/iPhoneOS-3.1.2/lib",
					"-lgambc",
				);
				PREBINDING = NO;
				"PROVISIONING_PROFILE[sdk=iphoneos*]" = "";
				SDKROOT = iphoneos3.0;
				STRIP_INSTALLED_PRODUCT = NO;
				TARGETED_DEVICE_FAMILY = 1;
				USER_HEADER_SEARCH_PATHS = "/usr/local/iphone/iPhoneOS3.1.2/include/freetype2 /usr/local/iphone/iPhoneOS3.1.2/include /usr/local/Gambit-C/iPhoneOS-3.1.2/include";
			};
			name = "Debug iPhone";
		};
		1ABC50B3101254C200811E0D /* Debug iPhone */ = {
			isa = XCBuildConfiguration;
			buildSettings = {
				COPY_PHASE_STRIP = NO;
				GCC_DYNAMIC_NO_PIC = NO;
				GCC_OPTIMIZATION_LEVEL = 0;
				GCC_PRECOMPILE_PREFIX_HEADER = YES;
				GCC_PREFIX_HEADER = src/app/farmageddon_Prefix.pch;
				INFOPLIST_FILE = src/app/Info.plist;
				LIBRARY_SEARCH_PATHS = (
					"$(inherited)",
					/usr/local/iphone/iPhoneOS3.1.2/lib,
				);
				PRODUCT_NAME = farmageddon;
				TARGETED_DEVICE_FAMILY = 1;
			};
			name = "Debug iPhone";
		};
		1D6058940D05DD3E006BFB54 /* Debug */ = {
			isa = XCBuildConfiguration;
			buildSettings = {
				ALWAYS_SEARCH_USER_PATHS = YES;
				COPY_PHASE_STRIP = NO;
				GCC_DYNAMIC_NO_PIC = NO;
				GCC_OPTIMIZATION_LEVEL = 0;
				GCC_PRECOMPILE_PREFIX_HEADER = YES;
				GCC_PREFIX_HEADER = src/app/farmageddon_Prefix.pch;
				INFOPLIST_FILE = src/app/Info.plist;
				PRODUCT_NAME = farmageddon;
				TARGETED_DEVICE_FAMILY = 1;
			};
			name = Debug;
		};
		1D6058950D05DD3E006BFB54 /* Release */ = {
			isa = XCBuildConfiguration;
			buildSettings = {
				ALWAYS_SEARCH_USER_PATHS = NO;
				COPY_PHASE_STRIP = YES;
				GCC_PRECOMPILE_PREFIX_HEADER = YES;
				GCC_PREFIX_HEADER = src/app/farmageddon_Prefix.pch;
				INFOPLIST_FILE = src/app/Info.plist;
				LIBRARY_SEARCH_PATHS = (
					"$(inherited)",
					/usr/local/iphone/iPhoneOS3.1.2/lib,
				);
				PRODUCT_NAME = farmageddon;
				TARGETED_DEVICE_FAMILY = 1;
			};
			name = Release;
		};
		C01FCF4F08A954540054247B /* Debug */ = {
			isa = XCBuildConfiguration;
			buildSettings = {
				ARCHS = "$(ARCHS_STANDARD_32_BIT)";
				CODE_SIGN_IDENTITY = "";
				"CODE_SIGN_IDENTITY[sdk=iphoneos*]" = "iPhone Developer: James Long";
				COPY_PHASE_STRIP = NO;
				GCC_C_LANGUAGE_STANDARD = c99;
				GCC_WARN_ABOUT_RETURN_TYPE = YES;
				GCC_WARN_UNUSED_VARIABLE = NO;
				ONLY_ACTIVE_ARCH = YES;
				OTHER_CFLAGS = (
					"-D___LIBRARY",
					"-x",
					"objective-c",
					"-Wno-unused",
					"-fno-math-errno",
					"-fschedule-insns2",
					"-fno-trapping-math",
					"-fno-strict-aliasing",
					"-fwrapv",
					"-fmodulo-sched",
					"-freschedule-modulo-scheduled-loops",
					"-fomit-frame-pointer",
					"-fno-common",
				);
				OTHER_LDFLAGS = (
					"-lstdc++",
					"-lz",
					"-lftgl",
					"-L/usr/local/Gambit-C/iPhoneSimulator-3.1.2/lib",
					"-lgambc",
					"-L/usr/local/iphone/iPhoneSimulator3.1.2/lib",
				);
				PREBINDING = NO;
				"PROVISIONING_PROFILE[sdk=iphoneos*]" = "";
				SDKROOT = iphonesimulator3.1;
				STRIP_INSTALLED_PRODUCT = YES;
				USER_HEADER_SEARCH_PATHS = "/usr/local/iphone/iPhoneSimulator3.1.2/include/freetype2 /usr/local/iphone/iPhoneSimulator3.1.2/include /usr/local/Gambit-C/iPhoneSimulator-3.1.2/include";
			};
			name = Debug;
		};
		C01FCF5008A954540054247B /* Release */ = {
			isa = XCBuildConfiguration;
			buildSettings = {
				ARCHS = "$(ARCHS_STANDARD_32_BIT)";
				"CODE_SIGN_IDENTITY[sdk=iphoneos*]" = "iPhone Developer";
				GCC_C_LANGUAGE_STANDARD = c99;
				GCC_WARN_ABOUT_RETURN_TYPE = YES;
				GCC_WARN_UNUSED_VARIABLE = YES;
				PREBINDING = NO;
				SDKROOT = iphoneos2.0;
			};
			name = Release;
		};
/* End XCBuildConfiguration section */

/* Begin XCConfigurationList section */
		1AA90AF41111FF6A0045309E /* Build configuration list for PBXNativeTarget "farmageddon-iPad" */ = {
			isa = XCConfigurationList;
			buildConfigurations = (
				1AA90AF51111FF6A0045309E /* Debug */,
				1AA90AF61111FF6A0045309E /* Debug iPhone */,
				1AA90AF71111FF6A0045309E /* Release */,
			);
			defaultConfigurationIsVisible = 0;
			defaultConfigurationName = Release;
		};
		1D6058960D05DD3E006BFB54 /* Build configuration list for PBXNativeTarget "farmageddon" */ = {
			isa = XCConfigurationList;
			buildConfigurations = (
				1D6058940D05DD3E006BFB54 /* Debug */,
				1ABC50B3101254C200811E0D /* Debug iPhone */,
				1D6058950D05DD3E006BFB54 /* Release */,
			);
			defaultConfigurationIsVisible = 0;
			defaultConfigurationName = Release;
		};
		C01FCF4E08A954540054247B /* Build configuration list for PBXProject "farmageddon" */ = {
			isa = XCConfigurationList;
			buildConfigurations = (
				C01FCF4F08A954540054247B /* Debug */,
				1ABC50B2101254C200811E0D /* Debug iPhone */,
				C01FCF5008A954540054247B /* Release */,
			);
			defaultConfigurationIsVisible = 0;
			defaultConfigurationName = Release;
		};
/* End XCConfigurationList section */
	};
	rootObject = 29B97313FDCFA39411CA2CEA /* Project object */;
}
